
Microsoft Visual Studio Solution File, Format Version 12.00
# Visual Studio 15
VisualStudioVersion = 15.0.26124.0
MinimumVisualStudioVersion = 15.0.26124.0
Project("{FAE04EC0-301F-11D3-BF4B-00C04F79EFBC}") = "ej1", "ej1\ej1.csproj", "{B7C95E13-0113-4FFE-BC33-02C419B2557E}"
EndProject
Project("{FAE04EC0-301F-11D3-BF4B-00C04F79EFBC}") = "ej2", "ej2\ej2.csproj", "{4F58C710-2C08-486E-9880-6F309986ABB2}"
EndProject
Global
	GlobalSection(SolutionConfigurationPlatforms) = preSolution
		Debug|Any CPU = Debug|Any CPU
		Debug|x64 = Debug|x64
		Debug|x86 = Debug|x86
		Release|Any CPU = Release|Any CPU
		Release|x64 = Release|x64
		Release|x86 = Release|x86
	EndGlobalSection
	GlobalSection(SolutionProperties) = preSolution
		HideSolutionNode = FALSE
	EndGlobalSection
	GlobalSection(ProjectConfigurationPlatforms) = postSolution
		{B7C95E13-0113-4FFE-BC33-02C419B2557E}.Debug|Any CPU.ActiveCfg = Debug|Any CPU
		{B7C95E13-0113-4FFE-BC33-02C419B2557E}.Debug|Any CPU.Build.0 = Debug|Any CPU
		{B7C95E13-0113-4FFE-BC33-02C419B2557E}.Debug|x64.ActiveCfg = Debug|Any CPU
		{B7C95E13-0113-4FFE-BC33-02C419B2557E}.Debug|x64.Build.0 = Debug|Any CPU
		{B7C95E13-0113-4FFE-BC33-02C419B2557E}.Debug|x86.ActiveCfg = Debug|Any CPU
		{B7C95E13-0113-4FFE-BC33-02C419B2557E}.Debug|x86.Build.0 = Debug|Any CPU
		{B7C95E13-0113-4FFE-BC33-02C419B2557E}.Release|Any CPU.ActiveCfg = Release|Any CPU
		{B7C95E13-0113-4FFE-BC33-02C419B2557E}.Release|Any CPU.Build.0 = Release|Any CPU
		{B7C95E13-0113-4FFE-BC33-02C419B2557E}.Release|x64.ActiveCfg = Release|Any CPU
		{B7C95E13-0113-4FFE-BC33-02C419B2557E}.Release|x64.Build.0 = Release|Any CPU
		{B7C95E13-0113-4FFE-BC33-02C419B2557E}.Release|x86.ActiveCfg = Release|Any CPU
		{B7C95E13-0113-4FFE-BC33-02C419B2557E}.Release|x86.Build.0 = Release|Any CPU
		{4F58C710-2C08-486E-9880-6F309986ABB2}.Debug|Any CPU.ActiveCfg = Debug|Any CPU
		{4F58C710-2C08-486E-9880-6F309986ABB2}.Debug|Any CPU.Build.0 = Debug|Any CPU
		{4F58C710-2C08-486E-9880-6F309986ABB2}.Debug|x64.ActiveCfg = Debug|Any CPU
		{4F58C710-2C08-486E-9880-6F309986ABB2}.Debug|x64.Build.0 = Debug|Any CPU
		{4F58C710-2C08-486E-9880-6F309986ABB2}.Debug|x86.ActiveCfg = Debug|Any CPU
		{4F58C710-2C08-486E-9880-6F309986ABB2}.Debug|x86.Build.0 = Debug|Any CPU
		{4F58C710-2C08-486E-9880-6F309986ABB2}.Release|Any CPU.ActiveCfg = Release|Any CPU
		{4F58C710-2C08-486E-9880-6F309986ABB2}.Release|Any CPU.Build.0 = Release|Any CPU
		{4F58C710-2C08-486E-9880-6F309986ABB2}.Release|x64.ActiveCfg = Release|Any CPU
		{4F58C710-2C08-486E-9880-6F309986ABB2}.Release|x64.Build.0 = Release|Any CPU
		{4F58C710-2C08-486E-9880-6F309986ABB2}.Release|x86.ActiveCfg = Release|Any CPU
		{4F58C710-2C08-486E-9880-6F309986ABB2}.Release|x86.Build.0 = Release|Any CPU
	EndGlobalSection
EndGlobal
